// !$*UTF8*$!
{
	archiveVersion = 1;
	classes = {
	};
	objectVersion = 56;
	objects = {

/* Begin PBXBuildFile section */
		92AEAA1CB6FC29294737FB78 /* Pods_AppleWallet.framework in Frameworks */ = {isa = PBXBuildFile; fileRef = 7FBB08B3F36BE4EACA34E67F /* Pods_AppleWallet.framework */; };
		D53ED08A2B9E59B400334348 /* SentProductDetailPage.swift in Sources */ = {isa = PBXBuildFile; fileRef = D53ED0892B9E59B400334348 /* SentProductDetailPage.swift */; };
		D565A0412B99159200DC242C /* Transactions.xcdatamodeld in Sources */ = {isa = PBXBuildFile; fileRef = D565A03F2B99159200DC242C /* Transactions.xcdatamodeld */; };
		D565A0442B9915F300DC242C /* DataController.swift in Sources */ = {isa = PBXBuildFile; fileRef = D565A0432B9915F300DC242C /* DataController.swift */; };
		D565A0462B99164E00DC242C /* ViewModel.swift in Sources */ = {isa = PBXBuildFile; fileRef = D565A0452B99164E00DC242C /* ViewModel.swift */; };
		D565A0482B9919B000DC242C /* TopNav.swift in Sources */ = {isa = PBXBuildFile; fileRef = D565A0472B9919B000DC242C /* TopNav.swift */; };
		D565A04A2B991B9E00DC242C /* ProductRowView.swift in Sources */ = {isa = PBXBuildFile; fileRef = D565A0492B991B9E00DC242C /* ProductRowView.swift */; };
		D57DD79C2B91E81E008532AE /* AppleWalletApp.swift in Sources */ = {isa = PBXBuildFile; fileRef = D57DD79B2B91E81E008532AE /* AppleWalletApp.swift */; };
		D57DD79E2B91E81E008532AE /* ContentView.swift in Sources */ = {isa = PBXBuildFile; fileRef = D57DD79D2B91E81E008532AE /* ContentView.swift */; };
		D57DD7A02B91E821008532AE /* Assets.xcassets in Resources */ = {isa = PBXBuildFile; fileRef = D57DD79F2B91E821008532AE /* Assets.xcassets */; };
		D57DD7A32B91E821008532AE /* Preview Assets.xcassets in Resources */ = {isa = PBXBuildFile; fileRef = D57DD7A22B91E821008532AE /* Preview Assets.xcassets */; };
		D57DD7AE2B91FBEC008532AE /* CardView.swift in Sources */ = {isa = PBXBuildFile; fileRef = D57DD7AD2B91FBEC008532AE /* CardView.swift */; };
		D57DD7B02B91FC31008532AE /* Utilities.swift in Sources */ = {isa = PBXBuildFile; fileRef = D57DD7AF2B91FC31008532AE /* Utilities.swift */; };
		D57DD7B22B91FD03008532AE /* CardViewWrapper.swift in Sources */ = {isa = PBXBuildFile; fileRef = D57DD7B12B91FD03008532AE /* CardViewWrapper.swift */; };
		D57DD7B42B91FD6F008532AE /* DotView.swift in Sources */ = {isa = PBXBuildFile; fileRef = D57DD7B32B91FD6F008532AE /* DotView.swift */; };
		D57DD7BB2B9261A0008532AE /* HomePage.swift in Sources */ = {isa = PBXBuildFile; fileRef = D57DD7BA2B9261A0008532AE /* HomePage.swift */; };
		D57DD7DC2B931985008532AE /* Model.swift in Sources */ = {isa = PBXBuildFile; fileRef = D57DD7DB2B931985008532AE /* Model.swift */; };
		D57DD7DE2B93732C008532AE /* CardDetailsPage.swift in Sources */ = {isa = PBXBuildFile; fileRef = D57DD7DD2B93732C008532AE /* CardDetailsPage.swift */; };
		D57DD7E02B9374E4008532AE /* ProductDetailPage.swift in Sources */ = {isa = PBXBuildFile; fileRef = D57DD7DF2B9374E4008532AE /* ProductDetailPage.swift */; };
		D57DD7E22B93C81E008532AE /* ReceivedProductDetailPage.swift in Sources */ = {isa = PBXBuildFile; fileRef = D57DD7E12B93C81E008532AE /* ReceivedProductDetailPage.swift */; };
		D57DD7E42B93CDCE008532AE /* InstantTransferPage.swift in Sources */ = {isa = PBXBuildFile; fileRef = D57DD7E32B93CDCE008532AE /* InstantTransferPage.swift */; };
		D58E046B2BA9A56B00C8978E /* ImagePicker.swift in Sources */ = {isa = PBXBuildFile; fileRef = D58E046A2BA9A56B00C8978E /* ImagePicker.swift */; };
		D58E046D2BA9A8EB00C8978E /* TransactionPopupView.swift in Sources */ = {isa = PBXBuildFile; fileRef = D58E046C2BA9A8EB00C8978E /* TransactionPopupView.swift */; };
		D5CF3A862BA47A28007779B3 /* GoogleService-Info.plist in Resources */ = {isa = PBXBuildFile; fileRef = D5CF3A852BA47A28007779B3 /* GoogleService-Info.plist */; };
		D5CF3A882BA47B99007779B3 /* SessionManager.swift in Sources */ = {isa = PBXBuildFile; fileRef = D5CF3A872BA47B99007779B3 /* SessionManager.swift */; };
		D5CF3A8A2BA47C5B007779B3 /* FirebaseFirestore in Frameworks */ = {isa = PBXBuildFile; productRef = D5CF3A892BA47C5B007779B3 /* FirebaseFirestore */; };
		D5CF3A8C2BA47C5B007779B3 /* FirebaseFirestoreSwift in Frameworks */ = {isa = PBXBuildFile; productRef = D5CF3A8B2BA47C5B007779B3 /* FirebaseFirestoreSwift */; };
		D5E28EE32B95B70200C5ED9B /* ViewController.swift in Sources */ = {isa = PBXBuildFile; fileRef = D5E28EE22B95B70200C5ED9B /* ViewController.swift */; };
		D5E28EE72B95E35500C5ED9B /* CustomBackButton.swift in Sources */ = {isa = PBXBuildFile; fileRef = D5E28EE62B95E35500C5ED9B /* CustomBackButton.swift */; };
		D5ED9E352B9FD38A0085AC9A /* LoginView.swift in Sources */ = {isa = PBXBuildFile; fileRef = D5ED9E342B9FD38A0085AC9A /* LoginView.swift */; };
		D5ED9E3A2B9FD8420085AC9A /* FirebaseAnalytics in Frameworks */ = {isa = PBXBuildFile; productRef = D5ED9E392B9FD8420085AC9A /* FirebaseAnalytics */; };
		D5ED9E3C2B9FD8420085AC9A /* FirebaseAnalyticsOnDeviceConversion in Frameworks */ = {isa = PBXBuildFile; productRef = D5ED9E3B2B9FD8420085AC9A /* FirebaseAnalyticsOnDeviceConversion */; };
		D5ED9E3E2B9FD8420085AC9A /* FirebaseAnalyticsSwift in Frameworks */ = {isa = PBXBuildFile; productRef = D5ED9E3D2B9FD8420085AC9A /* FirebaseAnalyticsSwift */; };
		D5ED9E402B9FD8420085AC9A /* FirebaseAnalyticsWithoutAdIdSupport in Frameworks */ = {isa = PBXBuildFile; productRef = D5ED9E3F2B9FD8420085AC9A /* FirebaseAnalyticsWithoutAdIdSupport */; };
		D5ED9E422B9FD8420085AC9A /* FirebaseAppCheck in Frameworks */ = {isa = PBXBuildFile; productRef = D5ED9E412B9FD8420085AC9A /* FirebaseAppCheck */; };
/* End PBXBuildFile section */

/* Begin PBXFileReference section */
		7FBB08B3F36BE4EACA34E67F /* Pods_AppleWallet.framework */ = {isa = PBXFileReference; explicitFileType = wrapper.framework; includeInIndex = 0; path = Pods_AppleWallet.framework; sourceTree = BUILT_PRODUCTS_DIR; };
		85771B3B0E02B19E9BE14C9B /* Pods-AppleWallet.release.xcconfig */ = {isa = PBXFileReference; includeInIndex = 1; lastKnownFileType = text.xcconfig; name = "Pods-AppleWallet.release.xcconfig"; path = "Target Support Files/Pods-AppleWallet/Pods-AppleWallet.release.xcconfig"; sourceTree = "<group>"; };
		A4D640B78783FA0E6A33878B /* Pods-AppleWallet.debug.xcconfig */ = {isa = PBXFileReference; includeInIndex = 1; lastKnownFileType = text.xcconfig; name = "Pods-AppleWallet.debug.xcconfig"; path = "Target Support Files/Pods-AppleWallet/Pods-AppleWallet.debug.xcconfig"; sourceTree = "<group>"; };
		D53ED0892B9E59B400334348 /* SentProductDetailPage.swift */ = {isa = PBXFileReference; lastKnownFileType = sourcecode.swift; path = SentProductDetailPage.swift; sourceTree = "<group>"; };
		D565A0402B99159200DC242C /* Transactions.xcdatamodel */ = {isa = PBXFileReference; lastKnownFileType = wrapper.xcdatamodel; path = Transactions.xcdatamodel; sourceTree = "<group>"; };
		D565A0432B9915F300DC242C /* DataController.swift */ = {isa = PBXFileReference; lastKnownFileType = sourcecode.swift; path = DataController.swift; sourceTree = "<group>"; };
		D565A0452B99164E00DC242C /* ViewModel.swift */ = {isa = PBXFileReference; lastKnownFileType = sourcecode.swift; path = ViewModel.swift; sourceTree = "<group>"; };
		D565A0472B9919B000DC242C /* TopNav.swift */ = {isa = PBXFileReference; lastKnownFileType = sourcecode.swift; path = TopNav.swift; sourceTree = "<group>"; };
		D565A0492B991B9E00DC242C /* ProductRowView.swift */ = {isa = PBXFileReference; lastKnownFileType = sourcecode.swift; path = ProductRowView.swift; sourceTree = "<group>"; };
		D57DD7982B91E81E008532AE /* AppleWallet.app */ = {isa = PBXFileReference; explicitFileType = wrapper.application; includeInIndex = 0; path = AppleWallet.app; sourceTree = BUILT_PRODUCTS_DIR; };
		D57DD79B2B91E81E008532AE /* AppleWalletApp.swift */ = {isa = PBXFileReference; lastKnownFileType = sourcecode.swift; path = AppleWalletApp.swift; sourceTree = "<group>"; };
		D57DD79D2B91E81E008532AE /* ContentView.swift */ = {isa = PBXFileReference; lastKnownFileType = sourcecode.swift; path = ContentView.swift; sourceTree = "<group>"; };
		D57DD79F2B91E821008532AE /* Assets.xcassets */ = {isa = PBXFileReference; lastKnownFileType = folder.assetcatalog; path = Assets.xcassets; sourceTree = "<group>"; };
		D57DD7A22B91E821008532AE /* Preview Assets.xcassets */ = {isa = PBXFileReference; lastKnownFileType = folder.assetcatalog; path = "Preview Assets.xcassets"; sourceTree = "<group>"; };
		D57DD7AD2B91FBEC008532AE /* CardView.swift */ = {isa = PBXFileReference; lastKnownFileType = sourcecode.swift; path = CardView.swift; sourceTree = "<group>"; };
		D57DD7AF2B91FC31008532AE /* Utilities.swift */ = {isa = PBXFileReference; lastKnownFileType = sourcecode.swift; path = Utilities.swift; sourceTree = "<group>"; };
		D57DD7B12B91FD03008532AE /* CardViewWrapper.swift */ = {isa = PBXFileReference; lastKnownFileType = sourcecode.swift; path = CardViewWrapper.swift; sourceTree = "<group>"; };
		D57DD7B32B91FD6F008532AE /* DotView.swift */ = {isa = PBXFileReference; lastKnownFileType = sourcecode.swift; path = DotView.swift; sourceTree = "<group>"; };
		D57DD7BA2B9261A0008532AE /* HomePage.swift */ = {isa = PBXFileReference; lastKnownFileType = sourcecode.swift; path = HomePage.swift; sourceTree = "<group>"; };
		D57DD7DB2B931985008532AE /* Model.swift */ = {isa = PBXFileReference; lastKnownFileType = sourcecode.swift; path = Model.swift; sourceTree = "<group>"; };
		D57DD7DD2B93732C008532AE /* CardDetailsPage.swift */ = {isa = PBXFileReference; lastKnownFileType = sourcecode.swift; path = CardDetailsPage.swift; sourceTree = "<group>"; };
		D57DD7DF2B9374E4008532AE /* ProductDetailPage.swift */ = {isa = PBXFileReference; lastKnownFileType = sourcecode.swift; path = ProductDetailPage.swift; sourceTree = "<group>"; };
		D57DD7E12B93C81E008532AE /* ReceivedProductDetailPage.swift */ = {isa = PBXFileReference; lastKnownFileType = sourcecode.swift; path = ReceivedProductDetailPage.swift; sourceTree = "<group>"; };
		D57DD7E32B93CDCE008532AE /* InstantTransferPage.swift */ = {isa = PBXFileReference; lastKnownFileType = sourcecode.swift; path = InstantTransferPage.swift; sourceTree = "<group>"; };
		D58E046A2BA9A56B00C8978E /* ImagePicker.swift */ = {isa = PBXFileReference; fileEncoding = 4; lastKnownFileType = sourcecode.swift; path = ImagePicker.swift; sourceTree = "<group>"; };
		D58E046C2BA9A8EB00C8978E /* TransactionPopupView.swift */ = {isa = PBXFileReference; lastKnownFileType = sourcecode.swift; path = TransactionPopupView.swift; sourceTree = "<group>"; };
		D5CF3A852BA47A28007779B3 /* GoogleService-Info.plist */ = {isa = PBXFileReference; fileEncoding = 4; lastKnownFileType = text.plist.xml; path = "GoogleService-Info.plist"; sourceTree = "<group>"; };
		D5CF3A872BA47B99007779B3 /* SessionManager.swift */ = {isa = PBXFileReference; lastKnownFileType = sourcecode.swift; path = SessionManager.swift; sourceTree = "<group>"; };
		D5E28EE22B95B70200C5ED9B /* ViewController.swift */ = {isa = PBXFileReference; lastKnownFileType = sourcecode.swift; path = ViewController.swift; sourceTree = "<group>"; };
		D5E28EE62B95E35500C5ED9B /* CustomBackButton.swift */ = {isa = PBXFileReference; lastKnownFileType = sourcecode.swift; path = CustomBackButton.swift; sourceTree = "<group>"; };
		D5ED9E342B9FD38A0085AC9A /* LoginView.swift */ = {isa = PBXFileReference; lastKnownFileType = sourcecode.swift; path = LoginView.swift; sourceTree = "<group>"; };
/* End PBXFileReference section */

/* Begin PBXFrameworksBuildPhase section */
		D57DD7952B91E81E008532AE /* Frameworks */ = {
			isa = PBXFrameworksBuildPhase;
			buildActionMask = 2147483647;
			files = (
				D5ED9E3E2B9FD8420085AC9A /* FirebaseAnalyticsSwift in Frameworks */,
				D5ED9E402B9FD8420085AC9A /* FirebaseAnalyticsWithoutAdIdSupport in Frameworks */,
				D5ED9E3A2B9FD8420085AC9A /* FirebaseAnalytics in Frameworks */,
				D5ED9E3C2B9FD8420085AC9A /* FirebaseAnalyticsOnDeviceConversion in Frameworks */,
				D5ED9E422B9FD8420085AC9A /* FirebaseAppCheck in Frameworks */,
				92AEAA1CB6FC29294737FB78 /* Pods_AppleWallet.framework in Frameworks */,
				D5CF3A8A2BA47C5B007779B3 /* FirebaseFirestore in Frameworks */,
				D5CF3A8C2BA47C5B007779B3 /* FirebaseFirestoreSwift in Frameworks */,
			);
			runOnlyForDeploymentPostprocessing = 0;
		};
/* End PBXFrameworksBuildPhase section */

/* Begin PBXGroup section */
		1490C7BA4911202FD693A5DC /* Pods */ = {
			isa = PBXGroup;
			children = (
				A4D640B78783FA0E6A33878B /* Pods-AppleWallet.debug.xcconfig */,
				85771B3B0E02B19E9BE14C9B /* Pods-AppleWallet.release.xcconfig */,
			);
			path = Pods;
			sourceTree = "<group>";
		};
		CD921E1BCC7523F98AF01141 /* Frameworks */ = {
			isa = PBXGroup;
			children = (
				7FBB08B3F36BE4EACA34E67F /* Pods_AppleWallet.framework */,
			);
			name = Frameworks;
			sourceTree = "<group>";
		};
		D565A0422B9915E700DC242C /* Helper Classes */ = {
			isa = PBXGroup;
			children = (
				D565A0432B9915F300DC242C /* DataController.swift */,
				D565A0452B99164E00DC242C /* ViewModel.swift */,
				D5CF3A872BA47B99007779B3 /* SessionManager.swift */,
			);
			path = "Helper Classes";
			sourceTree = "<group>";
		};
		D57DD78F2B91E81E008532AE = {
			isa = PBXGroup;
			children = (
				D57DD79A2B91E81E008532AE /* AppleWallet */,
				D57DD7992B91E81E008532AE /* Products */,
				1490C7BA4911202FD693A5DC /* Pods */,
				CD921E1BCC7523F98AF01141 /* Frameworks */,
			);
			sourceTree = "<group>";
		};
		D57DD7992B91E81E008532AE /* Products */ = {
			isa = PBXGroup;
			children = (
				D57DD7982B91E81E008532AE /* AppleWallet.app */,
			);
			name = Products;
			sourceTree = "<group>";
		};
		D57DD79A2B91E81E008532AE /* AppleWallet */ = {
			isa = PBXGroup;
			children = (
				D5CF3A852BA47A28007779B3 /* GoogleService-Info.plist */,
				D565A0422B9915E700DC242C /* Helper Classes */,
				D57DD7DA2B93196D008532AE /* Model */,
				D57DD7B92B92618E008532AE /* Views */,
				D57DD7B82B924CB5008532AE /* Wrapper */,
				D57DD7B72B924BF9008532AE /* UIKit Classes */,
				D57DD79B2B91E81E008532AE /* AppleWalletApp.swift */,
				D57DD79D2B91E81E008532AE /* ContentView.swift */,
				D57DD79F2B91E821008532AE /* Assets.xcassets */,
				D57DD7A12B91E821008532AE /* Preview Content */,
				D5E28EE62B95E35500C5ED9B /* CustomBackButton.swift */,
			);
			path = AppleWallet;
			sourceTree = "<group>";
		};
		D57DD7A12B91E821008532AE /* Preview Content */ = {
			isa = PBXGroup;
			children = (
				D57DD7A22B91E821008532AE /* Preview Assets.xcassets */,
			);
			path = "Preview Content";
			sourceTree = "<group>";
		};
		D57DD7B72B924BF9008532AE /* UIKit Classes */ = {
			isa = PBXGroup;
			children = (
				D58E046A2BA9A56B00C8978E /* ImagePicker.swift */,
				D57DD7B32B91FD6F008532AE /* DotView.swift */,
				D57DD7AD2B91FBEC008532AE /* CardView.swift */,
				D57DD7AF2B91FC31008532AE /* Utilities.swift */,
				D5E28EE22B95B70200C5ED9B /* ViewController.swift */,
			);
			path = "UIKit Classes";
			sourceTree = "<group>";
		};
		D57DD7B82B924CB5008532AE /* Wrapper */ = {
			isa = PBXGroup;
			children = (
				D57DD7B12B91FD03008532AE /* CardViewWrapper.swift */,
			);
			path = Wrapper;
			sourceTree = "<group>";
		};
		D57DD7B92B92618E008532AE /* Views */ = {
			isa = PBXGroup;
			children = (
				D57DD7BA2B9261A0008532AE /* HomePage.swift */,
				D57DD7DD2B93732C008532AE /* CardDetailsPage.swift */,
				D57DD7DF2B9374E4008532AE /* ProductDetailPage.swift */,
				D57DD7E12B93C81E008532AE /* ReceivedProductDetailPage.swift */,
				D57DD7E32B93CDCE008532AE /* InstantTransferPage.swift */,
				D565A0472B9919B000DC242C /* TopNav.swift */,
				D565A0492B991B9E00DC242C /* ProductRowView.swift */,
				D53ED0892B9E59B400334348 /* SentProductDetailPage.swift */,
				D5ED9E342B9FD38A0085AC9A /* LoginView.swift */,
				D58E046C2BA9A8EB00C8978E /* TransactionPopupView.swift */,
			);
			path = Views;
			sourceTree = "<group>";
		};
		D57DD7DA2B93196D008532AE /* Model */ = {
			isa = PBXGroup;
			children = (
				D57DD7DB2B931985008532AE /* Model.swift */,
				D565A03F2B99159200DC242C /* Transactions.xcdatamodeld */,
			);
			path = Model;
			sourceTree = "<group>";
		};
/* End PBXGroup section */

/* Begin PBXNativeTarget section */
		D57DD7972B91E81E008532AE /* AppleWallet */ = {
			isa = PBXNativeTarget;
			buildConfigurationList = D57DD7A62B91E821008532AE /* Build configuration list for PBXNativeTarget "AppleWallet" */;
			buildPhases = (
				920A797B7C77E1B612ECD311 /* [CP] Check Pods Manifest.lock */,
				D57DD7942B91E81E008532AE /* Sources */,
				D57DD7952B91E81E008532AE /* Frameworks */,
				D57DD7962B91E81E008532AE /* Resources */,
				2B3BFD36D0EBF510827CFFBE /* [CP] Embed Pods Frameworks */,
			);
			buildRules = (
			);
			dependencies = (
			);
			name = AppleWallet;
			packageProductDependencies = (
				D5ED9E392B9FD8420085AC9A /* FirebaseAnalytics */,
				D5ED9E3B2B9FD8420085AC9A /* FirebaseAnalyticsOnDeviceConversion */,
				D5ED9E3D2B9FD8420085AC9A /* FirebaseAnalyticsSwift */,
				D5ED9E3F2B9FD8420085AC9A /* FirebaseAnalyticsWithoutAdIdSupport */,
				D5ED9E412B9FD8420085AC9A /* FirebaseAppCheck */,
				D5CF3A892BA47C5B007779B3 /* FirebaseFirestore */,
				D5CF3A8B2BA47C5B007779B3 /* FirebaseFirestoreSwift */,
			);
			productName = AppleWallet;
			productReference = D57DD7982B91E81E008532AE /* AppleWallet.app */;
			productType = "com.apple.product-type.application";
		};
/* End PBXNativeTarget section */

/* Begin PBXProject section */
		D57DD7902B91E81E008532AE /* Project object */ = {
			isa = PBXProject;
			attributes = {
				BuildIndependentTargetsInParallel = 1;
				LastSwiftUpdateCheck = 1500;
				LastUpgradeCheck = 1500;
				TargetAttributes = {
					D57DD7972B91E81E008532AE = {
						CreatedOnToolsVersion = 15.0;
					};
				};
			};
			buildConfigurationList = D57DD7932B91E81E008532AE /* Build configuration list for PBXProject "AppleWallet" */;
			compatibilityVersion = "Xcode 14.0";
			developmentRegion = en;
			hasScannedForEncodings = 0;
			knownRegions = (
				en,
				Base,
			);
			mainGroup = D57DD78F2B91E81E008532AE;
			packageReferences = (
				D5ED9E382B9FD8420085AC9A /* XCRemoteSwiftPackageReference "firebase-ios-sdk" */,
			);
			productRefGroup = D57DD7992B91E81E008532AE /* Products */;
			projectDirPath = "";
			projectRoot = "";
			targets = (
				D57DD7972B91E81E008532AE /* AppleWallet */,
			);
		};
/* End PBXProject section */

/* Begin PBXResourcesBuildPhase section */
		D57DD7962B91E81E008532AE /* Resources */ = {
			isa = PBXResourcesBuildPhase;
			buildActionMask = 2147483647;
			files = (
				D57DD7A32B91E821008532AE /* Preview Assets.xcassets in Resources */,
				D57DD7A02B91E821008532AE /* Assets.xcassets in Resources */,
				D5CF3A862BA47A28007779B3 /* GoogleService-Info.plist in Resources */,
			);
			runOnlyForDeploymentPostprocessing = 0;
		};
/* End PBXResourcesBuildPhase section */

/* Begin PBXShellScriptBuildPhase section */
		2B3BFD36D0EBF510827CFFBE /* [CP] Embed Pods Frameworks */ = {
			isa = PBXShellScriptBuildPhase;
			buildActionMask = 2147483647;
			files = (
			);
			inputFileListPaths = (
				"${PODS_ROOT}/Target Support Files/Pods-AppleWallet/Pods-AppleWallet-frameworks-${CONFIGURATION}-input-files.xcfilelist",
			);
			name = "[CP] Embed Pods Frameworks";
			outputFileListPaths = (
				"${PODS_ROOT}/Target Support Files/Pods-AppleWallet/Pods-AppleWallet-frameworks-${CONFIGURATION}-output-files.xcfilelist",
			);
			runOnlyForDeploymentPostprocessing = 0;
			shellPath = /bin/sh;
			shellScript = "\"${PODS_ROOT}/Target Support Files/Pods-AppleWallet/Pods-AppleWallet-frameworks.sh\"\n";
			showEnvVarsInLog = 0;
		};
		920A797B7C77E1B612ECD311 /* [CP] Check Pods Manifest.lock */ = {
			isa = PBXShellScriptBuildPhase;
			buildActionMask = 2147483647;
			files = (
			);
			inputFileListPaths = (
			);
			inputPaths = (
				"${PODS_PODFILE_DIR_PATH}/Podfile.lock",
				"${PODS_ROOT}/Manifest.lock",
			);
			name = "[CP] Check Pods Manifest.lock";
			outputFileListPaths = (
			);
			outputPaths = (
				"$(DERIVED_FILE_DIR)/Pods-AppleWallet-checkManifestLockResult.txt",
			);
			runOnlyForDeploymentPostprocessing = 0;
			shellPath = /bin/sh;
			shellScript = "diff \"${PODS_PODFILE_DIR_PATH}/Podfile.lock\" \"${PODS_ROOT}/Manifest.lock\" > /dev/null\nif [ $? != 0 ] ; then\n    # print error to STDERR\n    echo \"error: The sandbox is not in sync with the Podfile.lock. Run 'pod install' or update your CocoaPods installation.\" >&2\n    exit 1\nfi\n# This output is used by Xcode 'outputs' to avoid re-running this script phase.\necho \"SUCCESS\" > \"${SCRIPT_OUTPUT_FILE_0}\"\n";
			showEnvVarsInLog = 0;
		};
/* End PBXShellScriptBuildPhase section */

/* Begin PBXSourcesBuildPhase section */
		D57DD7942B91E81E008532AE /* Sources */ = {
			isa = PBXSourcesBuildPhase;
			buildActionMask = 2147483647;
			files = (
				D57DD7B02B91FC31008532AE /* Utilities.swift in Sources */,
				D5CF3A882BA47B99007779B3 /* SessionManager.swift in Sources */,
				D57DD79E2B91E81E008532AE /* ContentView.swift in Sources */,
				D57DD7B42B91FD6F008532AE /* DotView.swift in Sources */,
				D57DD7E42B93CDCE008532AE /* InstantTransferPage.swift in Sources */,
				D57DD7E02B9374E4008532AE /* ProductDetailPage.swift in Sources */,
				D53ED08A2B9E59B400334348 /* SentProductDetailPage.swift in Sources */,
				D57DD7DE2B93732C008532AE /* CardDetailsPage.swift in Sources */,
				D565A0462B99164E00DC242C /* ViewModel.swift in Sources */,
				D565A04A2B991B9E00DC242C /* ProductRowView.swift in Sources */,
				D57DD7B22B91FD03008532AE /* CardViewWrapper.swift in Sources */,
				D57DD7E22B93C81E008532AE /* ReceivedProductDetailPage.swift in Sources */,
				D565A0482B9919B000DC242C /* TopNav.swift in Sources */,
				D58E046B2BA9A56B00C8978E /* ImagePicker.swift in Sources */,
				D5E28EE32B95B70200C5ED9B /* ViewController.swift in Sources */,
				D57DD79C2B91E81E008532AE /* AppleWalletApp.swift in Sources */,
				D565A0412B99159200DC242C /* Transactions.xcdatamodeld in Sources */,
				D5ED9E352B9FD38A0085AC9A /* LoginView.swift in Sources */,
				D58E046D2BA9A8EB00C8978E /* TransactionPopupView.swift in Sources */,
				D57DD7BB2B9261A0008532AE /* HomePage.swift in Sources */,
				D5E28EE72B95E35500C5ED9B /* CustomBackButton.swift in Sources */,
				D565A0442B9915F300DC242C /* DataController.swift in Sources */,
				D57DD7AE2B91FBEC008532AE /* CardView.swift in Sources */,
				D57DD7DC2B931985008532AE /* Model.swift in Sources */,
			);
			runOnlyForDeploymentPostprocessing = 0;
		};
/* End PBXSourcesBuildPhase section */

/* Begin XCBuildConfiguration section */
		D57DD7A42B91E821008532AE /* Debug */ = {
			isa = XCBuildConfiguration;
			buildSettings = {
				ALWAYS_SEARCH_USER_PATHS = NO;
				ASSETCATALOG_COMPILER_GENERATE_SWIFT_ASSET_SYMBOL_EXTENSIONS = YES;
				CLANG_ANALYZER_NONNULL = YES;
				CLANG_ANALYZER_NUMBER_OBJECT_CONVERSION = YES_AGGRESSIVE;
				CLANG_CXX_LANGUAGE_STANDARD = "gnu++20";
				CLANG_ENABLE_MODULES = YES;
				CLANG_ENABLE_OBJC_ARC = YES;
				CLANG_ENABLE_OBJC_WEAK = YES;
				CLANG_WARN_BLOCK_CAPTURE_AUTORELEASING = YES;
				CLANG_WARN_BOOL_CONVERSION = YES;
				CLANG_WARN_COMMA = YES;
				CLANG_WARN_CONSTANT_CONVERSION = YES;
				CLANG_WARN_DEPRECATED_OBJC_IMPLEMENTATIONS = YES;
				CLANG_WARN_DIRECT_OBJC_ISA_USAGE = YES_ERROR;
				CLANG_WARN_DOCUMENTATION_COMMENTS = YES;
				CLANG_WARN_EMPTY_BODY = YES;
				CLANG_WARN_ENUM_CONVERSION = YES;
				CLANG_WARN_INFINITE_RECURSION = YES;
				CLANG_WARN_INT_CONVERSION = YES;
				CLANG_WARN_NON_LITERAL_NULL_CONVERSION = YES;
				CLANG_WARN_OBJC_IMPLICIT_RETAIN_SELF = YES;
				CLANG_WARN_OBJC_LITERAL_CONVERSION = YES;
				CLANG_WARN_OBJC_ROOT_CLASS = YES_ERROR;
				CLANG_WARN_QUOTED_INCLUDE_IN_FRAMEWORK_HEADER = YES;
				CLANG_WARN_RANGE_LOOP_ANALYSIS = YES;
				CLANG_WARN_STRICT_PROTOTYPES = YES;
				CLANG_WARN_SUSPICIOUS_MOVE = YES;
				CLANG_WARN_UNGUARDED_AVAILABILITY = YES_AGGRESSIVE;
				CLANG_WARN_UNREACHABLE_CODE = YES;
				CLANG_WARN__DUPLICATE_METHOD_MATCH = YES;
				COPY_PHASE_STRIP = NO;
				DEBUG_INFORMATION_FORMAT = dwarf;
				ENABLE_STRICT_OBJC_MSGSEND = YES;
				ENABLE_TESTABILITY = YES;
				ENABLE_USER_SCRIPT_SANDBOXING = NO;
				GCC_C_LANGUAGE_STANDARD = gnu17;
				GCC_DYNAMIC_NO_PIC = NO;
				GCC_NO_COMMON_BLOCKS = YES;
				GCC_OPTIMIZATION_LEVEL = 0;
				GCC_PREPROCESSOR_DEFINITIONS = (
					"DEBUG=1",
					"$(inherited)",
				);
				GCC_WARN_64_TO_32_BIT_CONVERSION = YES;
				GCC_WARN_ABOUT_RETURN_TYPE = YES_ERROR;
				GCC_WARN_UNDECLARED_SELECTOR = YES;
				GCC_WARN_UNINITIALIZED_AUTOS = YES_AGGRESSIVE;
				GCC_WARN_UNUSED_FUNCTION = YES;
				GCC_WARN_UNUSED_VARIABLE = YES;
				IPHONEOS_DEPLOYMENT_TARGET = 17.0;
				LOCALIZATION_PREFERS_STRING_CATALOGS = YES;
				MTL_ENABLE_DEBUG_INFO = INCLUDE_SOURCE;
				MTL_FAST_MATH = YES;
				ONLY_ACTIVE_ARCH = YES;
				SDKROOT = iphoneos;
				SWIFT_ACTIVE_COMPILATION_CONDITIONS = "DEBUG $(inherited)";
				SWIFT_OPTIMIZATION_LEVEL = "-Onone";
			};
			name = Debug;
		};
		D57DD7A52B91E821008532AE /* Release */ = {
			isa = XCBuildConfiguration;
			buildSettings = {
				ALWAYS_SEARCH_USER_PATHS = NO;
				ASSETCATALOG_COMPILER_GENERATE_SWIFT_ASSET_SYMBOL_EXTENSIONS = YES;
				CLANG_ANALYZER_NONNULL = YES;
				CLANG_ANALYZER_NUMBER_OBJECT_CONVERSION = YES_AGGRESSIVE;
				CLANG_CXX_LANGUAGE_STANDARD = "gnu++20";
				CLANG_ENABLE_MODULES = YES;
				CLANG_ENABLE_OBJC_ARC = YES;
				CLANG_ENABLE_OBJC_WEAK = YES;
				CLANG_WARN_BLOCK_CAPTURE_AUTORELEASING = YES;
				CLANG_WARN_BOOL_CONVERSION = YES;
				CLANG_WARN_COMMA = YES;
				CLANG_WARN_CONSTANT_CONVERSION = YES;
				CLANG_WARN_DEPRECATED_OBJC_IMPLEMENTATIONS = YES;
				CLANG_WARN_DIRECT_OBJC_ISA_USAGE = YES_ERROR;
				CLANG_WARN_DOCUMENTATION_COMMENTS = YES;
				CLANG_WARN_EMPTY_BODY = YES;
				CLANG_WARN_ENUM_CONVERSION = YES;
				CLANG_WARN_INFINITE_RECURSION = YES;
				CLANG_WARN_INT_CONVERSION = YES;
				CLANG_WARN_NON_LITERAL_NULL_CONVERSION = YES;
				CLANG_WARN_OBJC_IMPLICIT_RETAIN_SELF = YES;
				CLANG_WARN_OBJC_LITERAL_CONVERSION = YES;
				CLANG_WARN_OBJC_ROOT_CLASS = YES_ERROR;
				CLANG_WARN_QUOTED_INCLUDE_IN_FRAMEWORK_HEADER = YES;
				CLANG_WARN_RANGE_LOOP_ANALYSIS = YES;
				CLANG_WARN_STRICT_PROTOTYPES = YES;
				CLANG_WARN_SUSPICIOUS_MOVE = YES;
				CLANG_WARN_UNGUARDED_AVAILABILITY = YES_AGGRESSIVE;
				CLANG_WARN_UNREACHABLE_CODE = YES;
				CLANG_WARN__DUPLICATE_METHOD_MATCH = YES;
				COPY_PHASE_STRIP = NO;
				DEBUG_INFORMATION_FORMAT = "dwarf-with-dsym";
				ENABLE_NS_ASSERTIONS = NO;
				ENABLE_STRICT_OBJC_MSGSEND = YES;
				ENABLE_USER_SCRIPT_SANDBOXING = NO;
				GCC_C_LANGUAGE_STANDARD = gnu17;
				GCC_NO_COMMON_BLOCKS = YES;
				GCC_WARN_64_TO_32_BIT_CONVERSION = YES;
				GCC_WARN_ABOUT_RETURN_TYPE = YES_ERROR;
				GCC_WARN_UNDECLARED_SELECTOR = YES;
				GCC_WARN_UNINITIALIZED_AUTOS = YES_AGGRESSIVE;
				GCC_WARN_UNUSED_FUNCTION = YES;
				GCC_WARN_UNUSED_VARIABLE = YES;
				IPHONEOS_DEPLOYMENT_TARGET = 17.0;
				LOCALIZATION_PREFERS_STRING_CATALOGS = YES;
				MTL_ENABLE_DEBUG_INFO = NO;
				MTL_FAST_MATH = YES;
				SDKROOT = iphoneos;
				SWIFT_COMPILATION_MODE = wholemodule;
				VALIDATE_PRODUCT = YES;
			};
			name = Release;
		};
		D57DD7A72B91E821008532AE /* Debug */ = {
			isa = XCBuildConfiguration;
			baseConfigurationReference = A4D640B78783FA0E6A33878B /* Pods-AppleWallet.debug.xcconfig */;
			buildSettings = {
				ASSETCATALOG_COMPILER_APPICON_NAME = AppIcon;
				ASSETCATALOG_COMPILER_GLOBAL_ACCENT_COLOR_NAME = AccentColor;
				"CODE_SIGN_IDENTITY[sdk=iphoneos*]" = "iPhone Developer";
				CODE_SIGN_STYLE = Manual;
				CURRENT_PROJECT_VERSION = 1;
				DEVELOPMENT_ASSET_PATHS = "\"AppleWallet/Preview Content\"";
				DEVELOPMENT_TEAM = "";
				"DEVELOPMENT_TEAM[sdk=iphoneos*]" = 86GDT8VMYM;
				ENABLE_PREVIEWS = YES;
				GENERATE_INFOPLIST_FILE = YES;
				INFOPLIST_KEY_UIApplicationSceneManifest_Generation = YES;
				INFOPLIST_KEY_UIApplicationSupportsIndirectInputEvents = YES;
				INFOPLIST_KEY_UILaunchScreen_Generation = YES;
				INFOPLIST_KEY_UISupportedInterfaceOrientations_iPad = "UIInterfaceOrientationPortrait UIInterfaceOrientationPortraitUpsideDown UIInterfaceOrientationLandscapeLeft UIInterfaceOrientationLandscapeRight";
				INFOPLIST_KEY_UISupportedInterfaceOrientations_iPhone = "UIInterfaceOrientationPortrait UIInterfaceOrientationLandscapeLeft UIInterfaceOrientationLandscapeRight";
				LD_RUNPATH_SEARCH_PATHS = (
					"$(inherited)",
					"@executable_path/Frameworks",
				);
				MARKETING_VERSION = 1.0;
				PRODUCT_BUNDLE_IDENTIFIER = com.walletapp;
				PRODUCT_NAME = "$(TARGET_NAME)";
				PROVISIONING_PROFILE_SPECIFIER = "";
				"PROVISIONING_PROFILE_SPECIFIER[sdk=iphoneos*]" = SchoolAIDevelopment;
				SWIFT_EMIT_LOC_STRINGS = YES;
				SWIFT_VERSION = 5.0;
				TARGETED_DEVICE_FAMILY = "1,2";
			};
			name = Debug;
		};
		D57DD7A82B91E821008532AE /* Release */ = {
			isa = XCBuildConfiguration;
			baseConfigurationReference = 85771B3B0E02B19E9BE14C9B /* Pods-AppleWallet.release.xcconfig */;
			buildSettings = {
				ASSETCATALOG_COMPILER_APPICON_NAME = AppIcon;
				ASSETCATALOG_COMPILER_GLOBAL_ACCENT_COLOR_NAME = AccentColor;
				"CODE_SIGN_IDENTITY[sdk=iphoneos*]" = "iPhone Developer";
				CODE_SIGN_STYLE = Manual;
				CURRENT_PROJECT_VERSION = 1;
				DEVELOPMENT_ASSET_PATHS = "\"AppleWallet/Preview Content\"";
				DEVELOPMENT_TEAM = "";
				"DEVELOPMENT_TEAM[sdk=iphoneos*]" = 86GDT8VMYM;
				ENABLE_PREVIEWS = YES;
				GENERATE_INFOPLIST_FILE = YES;
				INFOPLIST_KEY_UIApplicationSceneManifest_Generation = YES;
				INFOPLIST_KEY_UIApplicationSupportsIndirectInputEvents = YES;
				INFOPLIST_KEY_UILaunchScreen_Generation = YES;
				INFOPLIST_KEY_UISupportedInterfaceOrientations_iPad = "UIInterfaceOrientationPortrait UIInterfaceOrientationPortraitUpsideDown UIInterfaceOrientationLandscapeLeft UIInterfaceOrientationLandscapeRight";
				INFOPLIST_KEY_UISupportedInterfaceOrientations_iPhone = "UIInterfaceOrientationPortrait UIInterfaceOrientationLandscapeLeft UIInterfaceOrientationLandscapeRight";
				LD_RUNPATH_SEARCH_PATHS = (
					"$(inherited)",
					"@executable_path/Frameworks",
				);
				MARKETING_VERSION = 1.0;
				PRODUCT_BUNDLE_IDENTIFIER = com.walletapp;
				PRODUCT_NAME = "$(TARGET_NAME)";
				PROVISIONING_PROFILE_SPECIFIER = "";
				"PROVISIONING_PROFILE_SPECIFIER[sdk=iphoneos*]" = SchoolAIDevelopment;
				SWIFT_EMIT_LOC_STRINGS = YES;
				SWIFT_VERSION = 5.0;
				TARGETED_DEVICE_FAMILY = "1,2";
			};
			name = Release;
		};
/* End XCBuildConfiguration section */

/* Begin XCConfigurationList section */
		D57DD7932B91E81E008532AE /* Build configuration list for PBXProject "AppleWallet" */ = {
			isa = XCConfigurationList;
			buildConfigurations = (
				D57DD7A42B91E821008532AE /* Debug */,
				D57DD7A52B91E821008532AE /* Release */,
			);
			defaultConfigurationIsVisible = 0;
			defaultConfigurationName = Release;
		};
		D57DD7A62B91E821008532AE /* Build configuration list for PBXNativeTarget "AppleWallet" */ = {
			isa = XCConfigurationList;
			buildConfigurations = (
				D57DD7A72B91E821008532AE /* Debug */,
				D57DD7A82B91E821008532AE /* Release */,
			);
			defaultConfigurationIsVisible = 0;
			defaultConfigurationName = Release;
		};
/* End XCConfigurationList section */

/* Begin XCRemoteSwiftPackageReference section */
		D5ED9E382B9FD8420085AC9A /* XCRemoteSwiftPackageReference "firebase-ios-sdk" */ = {
			isa = XCRemoteSwiftPackageReference;
			repositoryURL = "https://github.com/firebase/firebase-ios-sdk";
			requirement = {
				kind = upToNextMajorVersion;
				minimumVersion = 10.22.1;
			};
		};
/* End XCRemoteSwiftPackageReference section */

/* Begin XCSwiftPackageProductDependency section */
		D5CF3A892BA47C5B007779B3 /* FirebaseFirestore */ = {
			isa = XCSwiftPackageProductDependency;
			package = D5ED9E382B9FD8420085AC9A /* XCRemoteSwiftPackageReference "firebase-ios-sdk" */;
			productName = FirebaseFirestore;
		};
		D5CF3A8B2BA47C5B007779B3 /* FirebaseFirestoreSwift */ = {
			isa = XCSwiftPackageProductDependency;
			package = D5ED9E382B9FD8420085AC9A /* XCRemoteSwiftPackageReference "firebase-ios-sdk" */;
			productName = FirebaseFirestoreSwift;
		};
		D5ED9E392B9FD8420085AC9A /* FirebaseAnalytics */ = {
			isa = XCSwiftPackageProductDependency;
			package = D5ED9E382B9FD8420085AC9A /* XCRemoteSwiftPackageReference "firebase-ios-sdk" */;
			productName = FirebaseAnalytics;
		};
		D5ED9E3B2B9FD8420085AC9A /* FirebaseAnalyticsOnDeviceConversion */ = {
			isa = XCSwiftPackageProductDependency;
			package = D5ED9E382B9FD8420085AC9A /* XCRemoteSwiftPackageReference "firebase-ios-sdk" */;
			productName = FirebaseAnalyticsOnDeviceConversion;
		};
		D5ED9E3D2B9FD8420085AC9A /* FirebaseAnalyticsSwift */ = {
			isa = XCSwiftPackageProductDependency;
			package = D5ED9E382B9FD8420085AC9A /* XCRemoteSwiftPackageReference "firebase-ios-sdk" */;
			productName = FirebaseAnalyticsSwift;
		};
		D5ED9E3F2B9FD8420085AC9A /* FirebaseAnalyticsWithoutAdIdSupport */ = {
			isa = XCSwiftPackageProductDependency;
			package = D5ED9E382B9FD8420085AC9A /* XCRemoteSwiftPackageReference "firebase-ios-sdk" */;
			productName = FirebaseAnalyticsWithoutAdIdSupport;
		};
		D5ED9E412B9FD8420085AC9A /* FirebaseAppCheck */ = {
			isa = XCSwiftPackageProductDependency;
			package = D5ED9E382B9FD8420085AC9A /* XCRemoteSwiftPackageReference "firebase-ios-sdk" */;
			productName = FirebaseAppCheck;
		};
/* End XCSwiftPackageProductDependency section */

/* Begin XCVersionGroup section */
		D565A03F2B99159200DC242C /* Transactions.xcdatamodeld */ = {
			isa = XCVersionGroup;
			children = (
				D565A0402B99159200DC242C /* Transactions.xcdatamodel */,
			);
			currentVersion = D565A0402B99159200DC242C /* Transactions.xcdatamodel */;
			path = Transactions.xcdatamodeld;
			sourceTree = "<group>";
			versionGroupType = wrapper.xcdatamodel;
		};
/* End XCVersionGroup section */
	};
	rootObject = D57DD7902B91E81E008532AE /* Project object */;
}
